
Microsoft Visual Studio Solution File, Format Version 12.00
# Visual Studio Version 17
VisualStudioVersion = 17.3.32929.385
MinimumVisualStudioVersion = 10.0.40219.1
Project("{9A19103F-16F7-4668-BE54-9A1E7A4F7556}") = "Converter-Microservice", "Converter-Microservice\Converter-Microservice.csproj", "{3893251F-3DAE-4FCA-9A01-A8F2D0E4BCA9}"
EndProject
Project("{9A19103F-16F7-4668-BE54-9A1E7A4F7556}") = "Converter-Microservice.Configuration", "Converter-Microservice.Configuration\Converter-Microservice.Configuration.csproj", "{8C03AB75-7C55-49C5-94EE-E5C73C5A74CC}"
EndProject
Project("{9A19103F-16F7-4668-BE54-9A1E7A4F7556}") = "Converter-Microservice.Models", "Converter-Microservice.Models\Converter-Microservice.Models.csproj", "{A213CE20-5DA3-4B48-BB52-8AC856EB249F}"
EndProject
Project("{FAE04EC0-301F-11D3-BF4B-00C04F79EFBC}") = "Converter-Microservice.Handlers", "Converter-Microservice.Handlers\Converter-Microservice.Handlers.csproj", "{431D6D56-8A7B-4834-B650-A289CEDEB81F}"
EndProject
Project("{FAE04EC0-301F-11D3-BF4B-00C04F79EFBC}") = "Converter-Microservice.Queries", "Converter-Microservice.Queries\Converter-Microservice.Queries.csproj", "{BA271689-ADE4-4B2B-81FF-FEFC785D8804}"
EndProject
Project("{FAE04EC0-301F-11D3-BF4B-00C04F79EFBC}") = "Converter-Microservice.Commands", "Converter-Microservice.Commands\Converter-Microservice.Commands.csproj", "{411EF423-2570-41A1-8D7A-3410425FF105}"
EndProject
Project("{FAE04EC0-301F-11D3-BF4B-00C04F79EFBC}") = "Converter-Microservice.Exceptions", "Converter-Microservice.Exceptions\Converter-Microservice.Exceptions.csproj", "{7C990C81-A8FB-40B0-BAA6-E31A6C255006}"
EndProject
Project("{FAE04EC0-301F-11D3-BF4B-00C04F79EFBC}") = "Converter-Microservice.Repositories", "Converter-Microservice.Repositories\Converter-Microservice.Repositories.csproj", "{EEE0950B-20A9-449E-A343-5D83675C006B}"
EndProject
Global
	GlobalSection(SolutionConfigurationPlatforms) = preSolution
		Debug|Any CPU = Debug|Any CPU
		Release|Any CPU = Release|Any CPU
	EndGlobalSection
	GlobalSection(ProjectConfigurationPlatforms) = postSolution
		{3893251F-3DAE-4FCA-9A01-A8F2D0E4BCA9}.Debug|Any CPU.ActiveCfg = Debug|Any CPU
		{3893251F-3DAE-4FCA-9A01-A8F2D0E4BCA9}.Debug|Any CPU.Build.0 = Debug|Any CPU
		{3893251F-3DAE-4FCA-9A01-A8F2D0E4BCA9}.Release|Any CPU.ActiveCfg = Release|Any CPU
		{3893251F-3DAE-4FCA-9A01-A8F2D0E4BCA9}.Release|Any CPU.Build.0 = Release|Any CPU
		{8C03AB75-7C55-49C5-94EE-E5C73C5A74CC}.Debug|Any CPU.ActiveCfg = Debug|Any CPU
		{8C03AB75-7C55-49C5-94EE-E5C73C5A74CC}.Debug|Any CPU.Build.0 = Debug|Any CPU
		{8C03AB75-7C55-49C5-94EE-E5C73C5A74CC}.Release|Any CPU.ActiveCfg = Release|Any CPU
		{8C03AB75-7C55-49C5-94EE-E5C73C5A74CC}.Release|Any CPU.Build.0 = Release|Any CPU
		{A213CE20-5DA3-4B48-BB52-8AC856EB249F}.Debug|Any CPU.ActiveCfg = Debug|Any CPU
		{A213CE20-5DA3-4B48-BB52-8AC856EB249F}.Debug|Any CPU.Build.0 = Debug|Any CPU
		{A213CE20-5DA3-4B48-BB52-8AC856EB249F}.Release|Any CPU.ActiveCfg = Release|Any CPU
		{A213CE20-5DA3-4B48-BB52-8AC856EB249F}.Release|Any CPU.Build.0 = Release|Any CPU
		{431D6D56-8A7B-4834-B650-A289CEDEB81F}.Debug|Any CPU.ActiveCfg = Debug|Any CPU
		{431D6D56-8A7B-4834-B650-A289CEDEB81F}.Debug|Any CPU.Build.0 = Debug|Any CPU
		{431D6D56-8A7B-4834-B650-A289CEDEB81F}.Release|Any CPU.ActiveCfg = Release|Any CPU
		{431D6D56-8A7B-4834-B650-A289CEDEB81F}.Release|Any CPU.Build.0 = Release|Any CPU
		{BA271689-ADE4-4B2B-81FF-FEFC785D8804}.Debug|Any CPU.ActiveCfg = Debug|Any CPU
		{BA271689-ADE4-4B2B-81FF-FEFC785D8804}.Debug|Any CPU.Build.0 = Debug|Any CPU
		{BA271689-ADE4-4B2B-81FF-FEFC785D8804}.Release|Any CPU.ActiveCfg = Release|Any CPU
		{BA271689-ADE4-4B2B-81FF-FEFC785D8804}.Release|Any CPU.Build.0 = Release|Any CPU
		{411EF423-2570-41A1-8D7A-3410425FF105}.Debug|Any CPU.ActiveCfg = Debug|Any CPU
		{411EF423-2570-41A1-8D7A-3410425FF105}.Debug|Any CPU.Build.0 = Debug|Any CPU
		{411EF423-2570-41A1-8D7A-3410425FF105}.Release|Any CPU.ActiveCfg = Release|Any CPU
		{411EF423-2570-41A1-8D7A-3410425FF105}.Release|Any CPU.Build.0 = Release|Any CPU
		{7C990C81-A8FB-40B0-BAA6-E31A6C255006}.Debug|Any CPU.ActiveCfg = Debug|Any CPU
		{7C990C81-A8FB-40B0-BAA6-E31A6C255006}.Debug|Any CPU.Build.0 = Debug|Any CPU
		{7C990C81-A8FB-40B0-BAA6-E31A6C255006}.Release|Any CPU.ActiveCfg = Release|Any CPU
		{7C990C81-A8FB-40B0-BAA6-E31A6C255006}.Release|Any CPU.Build.0 = Release|Any CPU
		{EEE0950B-20A9-449E-A343-5D83675C006B}.Debug|Any CPU.ActiveCfg = Debug|Any CPU
		{EEE0950B-20A9-449E-A343-5D83675C006B}.Debug|Any CPU.Build.0 = Debug|Any CPU
		{EEE0950B-20A9-449E-A343-5D83675C006B}.Release|Any CPU.ActiveCfg = Release|Any CPU
		{EEE0950B-20A9-449E-A343-5D83675C006B}.Release|Any CPU.Build.0 = Release|Any CPU
	EndGlobalSection
	GlobalSection(SolutionProperties) = preSolution
		HideSolutionNode = FALSE
	EndGlobalSection
	GlobalSection(ExtensibilityGlobals) = postSolution
		SolutionGuid = {55374312-454A-42A3-8786-44CB01A32CE4}
	EndGlobalSection
EndGlobal
