
Microsoft Visual Studio Solution File, Format Version 12.00
# Visual Studio Version 17
VisualStudioVersion = 17.3.32929.385
MinimumVisualStudioVersion = 10.0.40219.1
Project("{9A19103F-16F7-4668-BE54-9A1E7A4F7556}") = "Converter-Microservice", "Converter-Microservice\Converter-Microservice.csproj", "{3893251F-3DAE-4FCA-9A01-A8F2D0E4BCA9}"
EndProject
Project("{9A19103F-16F7-4668-BE54-9A1E7A4F7556}") = "Configuration", "Configuration\Configuration.csproj", "{93700FAC-5231-407B-94B5-9EC4F57E0670}"
EndProject
Project("{9A19103F-16F7-4668-BE54-9A1E7A4F7556}") = "DataAccess", "DataAccess\DataAccess.csproj", "{D73B0099-F014-4F24-B1FB-E8524ECEF72E}"
EndProject
Project("{9A19103F-16F7-4668-BE54-9A1E7A4F7556}") = "Models", "Models\Models.csproj", "{6174B27F-0579-42B2-AB6F-6CE46DFF867F}"
EndProject
Global
	GlobalSection(SolutionConfigurationPlatforms) = preSolution
		Debug|Any CPU = Debug|Any CPU
		Release|Any CPU = Release|Any CPU
	EndGlobalSection
	GlobalSection(ProjectConfigurationPlatforms) = postSolution
		{3893251F-3DAE-4FCA-9A01-A8F2D0E4BCA9}.Debug|Any CPU.ActiveCfg = Debug|Any CPU
		{3893251F-3DAE-4FCA-9A01-A8F2D0E4BCA9}.Debug|Any CPU.Build.0 = Debug|Any CPU
		{3893251F-3DAE-4FCA-9A01-A8F2D0E4BCA9}.Release|Any CPU.ActiveCfg = Release|Any CPU
		{3893251F-3DAE-4FCA-9A01-A8F2D0E4BCA9}.Release|Any CPU.Build.0 = Release|Any CPU
		{93700FAC-5231-407B-94B5-9EC4F57E0670}.Debug|Any CPU.ActiveCfg = Debug|Any CPU
		{93700FAC-5231-407B-94B5-9EC4F57E0670}.Debug|Any CPU.Build.0 = Debug|Any CPU
		{93700FAC-5231-407B-94B5-9EC4F57E0670}.Release|Any CPU.ActiveCfg = Release|Any CPU
		{93700FAC-5231-407B-94B5-9EC4F57E0670}.Release|Any CPU.Build.0 = Release|Any CPU
		{D73B0099-F014-4F24-B1FB-E8524ECEF72E}.Debug|Any CPU.ActiveCfg = Debug|Any CPU
		{D73B0099-F014-4F24-B1FB-E8524ECEF72E}.Debug|Any CPU.Build.0 = Debug|Any CPU
		{D73B0099-F014-4F24-B1FB-E8524ECEF72E}.Release|Any CPU.ActiveCfg = Release|Any CPU
		{D73B0099-F014-4F24-B1FB-E8524ECEF72E}.Release|Any CPU.Build.0 = Release|Any CPU
		{6174B27F-0579-42B2-AB6F-6CE46DFF867F}.Debug|Any CPU.ActiveCfg = Debug|Any CPU
		{6174B27F-0579-42B2-AB6F-6CE46DFF867F}.Debug|Any CPU.Build.0 = Debug|Any CPU
		{6174B27F-0579-42B2-AB6F-6CE46DFF867F}.Release|Any CPU.ActiveCfg = Release|Any CPU
		{6174B27F-0579-42B2-AB6F-6CE46DFF867F}.Release|Any CPU.Build.0 = Release|Any CPU
	EndGlobalSection
	GlobalSection(SolutionProperties) = preSolution
		HideSolutionNode = FALSE
	EndGlobalSection
	GlobalSection(ExtensibilityGlobals) = postSolution
		SolutionGuid = {55374312-454A-42A3-8786-44CB01A32CE4}
	EndGlobalSection
EndGlobal
