
Microsoft Visual Studio Solution File, Format Version 12.00
# Visual Studio Version 17
VisualStudioVersion = 17.3.32929.385
MinimumVisualStudioVersion = 10.0.40219.1
Project("{9A19103F-16F7-4668-BE54-9A1E7A4F7556}") = "Logger-Microservice.Configuration", "Logger-Microservice.Configuration\Logger-Microservice.Configuration.csproj", "{4C0EDAC2-1676-4EDB-9748-E9FEF822A66B}"
EndProject
Project("{9A19103F-16F7-4668-BE54-9A1E7A4F7556}") = "Logger-Microservice.DataAccessLayer", "Logger-Microservice.DataAccessLayer\Logger-Microservice.DataAccessLayer.csproj", "{A98EE4E0-C624-4381-BF60-0A8FD46133A2}"
EndProject
Project("{9A19103F-16F7-4668-BE54-9A1E7A4F7556}") = "Logger-Microservice.Models", "Logger-Microservice.Models\Logger-Microservice.Models.csproj", "{6BD1873F-1C47-4CED-9F98-8836253EE375}"
EndProject
Project("{9A19103F-16F7-4668-BE54-9A1E7A4F7556}") = "Logger-Microservice.OperationLayer", "Logger-Microservice.OperationLayer\Logger-Microservice.OperationLayer.csproj", "{30ADD1B8-0B0E-451A-981B-C655C69EA0C5}"
EndProject
Project("{9A19103F-16F7-4668-BE54-9A1E7A4F7556}") = "Logger-Microservice", "Logger-Microservice\Logger-Microservice.csproj", "{5D5A3A35-A905-44CF-8843-77932887DEB5}"
EndProject
Global
	GlobalSection(SolutionConfigurationPlatforms) = preSolution
		Debug|Any CPU = Debug|Any CPU
		Release|Any CPU = Release|Any CPU
	EndGlobalSection
	GlobalSection(ProjectConfigurationPlatforms) = postSolution
		{4C0EDAC2-1676-4EDB-9748-E9FEF822A66B}.Debug|Any CPU.ActiveCfg = Debug|Any CPU
		{4C0EDAC2-1676-4EDB-9748-E9FEF822A66B}.Debug|Any CPU.Build.0 = Debug|Any CPU
		{4C0EDAC2-1676-4EDB-9748-E9FEF822A66B}.Release|Any CPU.ActiveCfg = Release|Any CPU
		{4C0EDAC2-1676-4EDB-9748-E9FEF822A66B}.Release|Any CPU.Build.0 = Release|Any CPU
		{A98EE4E0-C624-4381-BF60-0A8FD46133A2}.Debug|Any CPU.ActiveCfg = Debug|Any CPU
		{A98EE4E0-C624-4381-BF60-0A8FD46133A2}.Debug|Any CPU.Build.0 = Debug|Any CPU
		{A98EE4E0-C624-4381-BF60-0A8FD46133A2}.Release|Any CPU.ActiveCfg = Release|Any CPU
		{A98EE4E0-C624-4381-BF60-0A8FD46133A2}.Release|Any CPU.Build.0 = Release|Any CPU
		{6BD1873F-1C47-4CED-9F98-8836253EE375}.Debug|Any CPU.ActiveCfg = Debug|Any CPU
		{6BD1873F-1C47-4CED-9F98-8836253EE375}.Debug|Any CPU.Build.0 = Debug|Any CPU
		{6BD1873F-1C47-4CED-9F98-8836253EE375}.Release|Any CPU.ActiveCfg = Release|Any CPU
		{6BD1873F-1C47-4CED-9F98-8836253EE375}.Release|Any CPU.Build.0 = Release|Any CPU
		{30ADD1B8-0B0E-451A-981B-C655C69EA0C5}.Debug|Any CPU.ActiveCfg = Debug|Any CPU
		{30ADD1B8-0B0E-451A-981B-C655C69EA0C5}.Debug|Any CPU.Build.0 = Debug|Any CPU
		{30ADD1B8-0B0E-451A-981B-C655C69EA0C5}.Release|Any CPU.ActiveCfg = Release|Any CPU
		{30ADD1B8-0B0E-451A-981B-C655C69EA0C5}.Release|Any CPU.Build.0 = Release|Any CPU
		{5D5A3A35-A905-44CF-8843-77932887DEB5}.Debug|Any CPU.ActiveCfg = Debug|Any CPU
		{5D5A3A35-A905-44CF-8843-77932887DEB5}.Debug|Any CPU.Build.0 = Debug|Any CPU
		{5D5A3A35-A905-44CF-8843-77932887DEB5}.Release|Any CPU.ActiveCfg = Release|Any CPU
		{5D5A3A35-A905-44CF-8843-77932887DEB5}.Release|Any CPU.Build.0 = Release|Any CPU
	EndGlobalSection
	GlobalSection(SolutionProperties) = preSolution
		HideSolutionNode = FALSE
	EndGlobalSection
	GlobalSection(ExtensibilityGlobals) = postSolution
		SolutionGuid = {B91945C3-86E6-4544-8EA4-1AF27CB642A5}
	EndGlobalSection
EndGlobal
