
Microsoft Visual Studio Solution File, Format Version 12.00
# Visual Studio Version 17
VisualStudioVersion = 17.3.32929.385
MinimumVisualStudioVersion = 10.0.40219.1
Project("{9A19103F-16F7-4668-BE54-9A1E7A4F7556}") = "Logger-Microservice.Models", "Logger-Microservice.Models\Logger-Microservice.Models.csproj", "{6BD1873F-1C47-4CED-9F98-8836253EE375}"
EndProject
Project("{9A19103F-16F7-4668-BE54-9A1E7A4F7556}") = "Logger-Microservice", "Logger-Microservice\Logger-Microservice.csproj", "{5D5A3A35-A905-44CF-8843-77932887DEB5}"
EndProject
Project("{9A19103F-16F7-4668-BE54-9A1E7A4F7556}") = "Logger-Microservice.Handlers", "Logger-Microservice.Handlers\Logger-Microservice.Handlers.csproj", "{078AA050-6183-413B-A66C-5C16A0E6F279}"
EndProject
Project("{9A19103F-16F7-4668-BE54-9A1E7A4F7556}") = "Logger-Microservice.Queries", "Logger-Microservice.Queries\Logger-Microservice.Queries.csproj", "{FA3FC05E-5039-4A6E-8FE9-6B690FBE9E96}"
EndProject
Project("{9A19103F-16F7-4668-BE54-9A1E7A4F7556}") = "Logger-Microservice.Commands", "Logger-Microservice.Commands\Logger-Microservice.Commands.csproj", "{500EA44A-4BB6-4B56-BC6F-E9661550648F}"
EndProject
Project("{9A19103F-16F7-4668-BE54-9A1E7A4F7556}") = "Logger-Microservice.Repositories", "Logger-Microservice.Repositories\Logger-Microservice.Repositories.csproj", "{309299D1-D107-44F9-B028-B598D83F0886}"
EndProject
Project("{FAE04EC0-301F-11D3-BF4B-00C04F79EFBC}") = "Logger-Microservice.Common", "Logger-Microservice.Common\Logger-Microservice.Common.csproj", "{15B9E36B-AEA9-4625-BD2C-A4F41EE87E84}"
EndProject
Global
	GlobalSection(SolutionConfigurationPlatforms) = preSolution
		Debug|Any CPU = Debug|Any CPU
		Release|Any CPU = Release|Any CPU
	EndGlobalSection
	GlobalSection(ProjectConfigurationPlatforms) = postSolution
		{6BD1873F-1C47-4CED-9F98-8836253EE375}.Debug|Any CPU.ActiveCfg = Debug|Any CPU
		{6BD1873F-1C47-4CED-9F98-8836253EE375}.Debug|Any CPU.Build.0 = Debug|Any CPU
		{6BD1873F-1C47-4CED-9F98-8836253EE375}.Release|Any CPU.ActiveCfg = Release|Any CPU
		{6BD1873F-1C47-4CED-9F98-8836253EE375}.Release|Any CPU.Build.0 = Release|Any CPU
		{5D5A3A35-A905-44CF-8843-77932887DEB5}.Debug|Any CPU.ActiveCfg = Debug|Any CPU
		{5D5A3A35-A905-44CF-8843-77932887DEB5}.Debug|Any CPU.Build.0 = Debug|Any CPU
		{5D5A3A35-A905-44CF-8843-77932887DEB5}.Release|Any CPU.ActiveCfg = Release|Any CPU
		{5D5A3A35-A905-44CF-8843-77932887DEB5}.Release|Any CPU.Build.0 = Release|Any CPU
		{078AA050-6183-413B-A66C-5C16A0E6F279}.Debug|Any CPU.ActiveCfg = Debug|Any CPU
		{078AA050-6183-413B-A66C-5C16A0E6F279}.Debug|Any CPU.Build.0 = Debug|Any CPU
		{078AA050-6183-413B-A66C-5C16A0E6F279}.Release|Any CPU.ActiveCfg = Release|Any CPU
		{078AA050-6183-413B-A66C-5C16A0E6F279}.Release|Any CPU.Build.0 = Release|Any CPU
		{FA3FC05E-5039-4A6E-8FE9-6B690FBE9E96}.Debug|Any CPU.ActiveCfg = Debug|Any CPU
		{FA3FC05E-5039-4A6E-8FE9-6B690FBE9E96}.Debug|Any CPU.Build.0 = Debug|Any CPU
		{FA3FC05E-5039-4A6E-8FE9-6B690FBE9E96}.Release|Any CPU.ActiveCfg = Release|Any CPU
		{FA3FC05E-5039-4A6E-8FE9-6B690FBE9E96}.Release|Any CPU.Build.0 = Release|Any CPU
		{500EA44A-4BB6-4B56-BC6F-E9661550648F}.Debug|Any CPU.ActiveCfg = Debug|Any CPU
		{500EA44A-4BB6-4B56-BC6F-E9661550648F}.Debug|Any CPU.Build.0 = Debug|Any CPU
		{500EA44A-4BB6-4B56-BC6F-E9661550648F}.Release|Any CPU.ActiveCfg = Release|Any CPU
		{500EA44A-4BB6-4B56-BC6F-E9661550648F}.Release|Any CPU.Build.0 = Release|Any CPU
		{309299D1-D107-44F9-B028-B598D83F0886}.Debug|Any CPU.ActiveCfg = Debug|Any CPU
		{309299D1-D107-44F9-B028-B598D83F0886}.Debug|Any CPU.Build.0 = Debug|Any CPU
		{309299D1-D107-44F9-B028-B598D83F0886}.Release|Any CPU.ActiveCfg = Release|Any CPU
		{309299D1-D107-44F9-B028-B598D83F0886}.Release|Any CPU.Build.0 = Release|Any CPU
		{15B9E36B-AEA9-4625-BD2C-A4F41EE87E84}.Debug|Any CPU.ActiveCfg = Debug|Any CPU
		{15B9E36B-AEA9-4625-BD2C-A4F41EE87E84}.Debug|Any CPU.Build.0 = Debug|Any CPU
		{15B9E36B-AEA9-4625-BD2C-A4F41EE87E84}.Release|Any CPU.ActiveCfg = Release|Any CPU
		{15B9E36B-AEA9-4625-BD2C-A4F41EE87E84}.Release|Any CPU.Build.0 = Release|Any CPU
	EndGlobalSection
	GlobalSection(SolutionProperties) = preSolution
		HideSolutionNode = FALSE
	EndGlobalSection
	GlobalSection(ExtensibilityGlobals) = postSolution
		SolutionGuid = {B91945C3-86E6-4544-8EA4-1AF27CB642A5}
	EndGlobalSection
EndGlobal
