
Microsoft Visual Studio Solution File, Format Version 12.00
# Visual Studio Version 17
VisualStudioVersion = 17.4.33122.133
MinimumVisualStudioVersion = 10.0.40219.1
Project("{9A19103F-16F7-4668-BE54-9A1E7A4F7556}") = "WebService", "WebService\WebService.csproj", "{AB2071F2-48D0-4065-9FFD-D063680FBC24}"
EndProject
Project("{9A19103F-16F7-4668-BE54-9A1E7A4F7556}") = "WebService.APILayer", "APILayer\WebService.APILayer.csproj", "{3029855D-D899-4A5A-BD42-E6FE64080A69}"
EndProject
Project("{9A19103F-16F7-4668-BE54-9A1E7A4F7556}") = "WebService.Models", "Models\WebService.Models.csproj", "{C693CEED-C0CD-4C51-9F3A-989C45EEC863}"
EndProject
Project("{9A19103F-16F7-4668-BE54-9A1E7A4F7556}") = "WebService.DataAccessLayer", "DataLayer\WebService.DataAccessLayer.csproj", "{1C069F07-8969-461A-B6AB-045E58680AD5}"
EndProject
Project("{9A19103F-16F7-4668-BE54-9A1E7A4F7556}") = "WebService.OperationLayer", "ServiceLayer\WebService.OperationLayer.csproj", "{A687E2EC-007E-46BE-BFCE-00521FC181A6}"
EndProject
Project("{9A19103F-16F7-4668-BE54-9A1E7A4F7556}") = "WebService.Helpers", "Helpers\WebService.Helpers.csproj", "{6CD986DA-35E5-4FAA-A5C1-8C4B66731BF2}"
EndProject
Project("{9A19103F-16F7-4668-BE54-9A1E7A4F7556}") = "WebService.MiddlewareLayer", "Middleware\WebService.MiddlewareLayer.csproj", "{C3A34AB6-C47B-4CD0-82A1-357E5D5D47EE}"
EndProject
Project("{FAE04EC0-301F-11D3-BF4B-00C04F79EFBC}") = "WebService.Configuration", "Configuration\WebService.Configuration.csproj", "{CE595E16-A4B1-4203-8038-BF13A0BA9E7C}"
EndProject
Global
	GlobalSection(SolutionConfigurationPlatforms) = preSolution
		Debug|Any CPU = Debug|Any CPU
		Release|Any CPU = Release|Any CPU
	EndGlobalSection
	GlobalSection(ProjectConfigurationPlatforms) = postSolution
		{AB2071F2-48D0-4065-9FFD-D063680FBC24}.Debug|Any CPU.ActiveCfg = Debug|Any CPU
		{AB2071F2-48D0-4065-9FFD-D063680FBC24}.Debug|Any CPU.Build.0 = Debug|Any CPU
		{AB2071F2-48D0-4065-9FFD-D063680FBC24}.Release|Any CPU.ActiveCfg = Release|Any CPU
		{AB2071F2-48D0-4065-9FFD-D063680FBC24}.Release|Any CPU.Build.0 = Release|Any CPU
		{3029855D-D899-4A5A-BD42-E6FE64080A69}.Debug|Any CPU.ActiveCfg = Debug|Any CPU
		{3029855D-D899-4A5A-BD42-E6FE64080A69}.Debug|Any CPU.Build.0 = Debug|Any CPU
		{3029855D-D899-4A5A-BD42-E6FE64080A69}.Release|Any CPU.ActiveCfg = Release|Any CPU
		{3029855D-D899-4A5A-BD42-E6FE64080A69}.Release|Any CPU.Build.0 = Release|Any CPU
		{C693CEED-C0CD-4C51-9F3A-989C45EEC863}.Debug|Any CPU.ActiveCfg = Debug|Any CPU
		{C693CEED-C0CD-4C51-9F3A-989C45EEC863}.Debug|Any CPU.Build.0 = Debug|Any CPU
		{C693CEED-C0CD-4C51-9F3A-989C45EEC863}.Release|Any CPU.ActiveCfg = Release|Any CPU
		{C693CEED-C0CD-4C51-9F3A-989C45EEC863}.Release|Any CPU.Build.0 = Release|Any CPU
		{1C069F07-8969-461A-B6AB-045E58680AD5}.Debug|Any CPU.ActiveCfg = Debug|Any CPU
		{1C069F07-8969-461A-B6AB-045E58680AD5}.Debug|Any CPU.Build.0 = Debug|Any CPU
		{1C069F07-8969-461A-B6AB-045E58680AD5}.Release|Any CPU.ActiveCfg = Release|Any CPU
		{1C069F07-8969-461A-B6AB-045E58680AD5}.Release|Any CPU.Build.0 = Release|Any CPU
		{A687E2EC-007E-46BE-BFCE-00521FC181A6}.Debug|Any CPU.ActiveCfg = Debug|Any CPU
		{A687E2EC-007E-46BE-BFCE-00521FC181A6}.Debug|Any CPU.Build.0 = Debug|Any CPU
		{A687E2EC-007E-46BE-BFCE-00521FC181A6}.Release|Any CPU.ActiveCfg = Release|Any CPU
		{A687E2EC-007E-46BE-BFCE-00521FC181A6}.Release|Any CPU.Build.0 = Release|Any CPU
		{6CD986DA-35E5-4FAA-A5C1-8C4B66731BF2}.Debug|Any CPU.ActiveCfg = Debug|Any CPU
		{6CD986DA-35E5-4FAA-A5C1-8C4B66731BF2}.Debug|Any CPU.Build.0 = Debug|Any CPU
		{6CD986DA-35E5-4FAA-A5C1-8C4B66731BF2}.Release|Any CPU.ActiveCfg = Release|Any CPU
		{6CD986DA-35E5-4FAA-A5C1-8C4B66731BF2}.Release|Any CPU.Build.0 = Release|Any CPU
		{C3A34AB6-C47B-4CD0-82A1-357E5D5D47EE}.Debug|Any CPU.ActiveCfg = Debug|Any CPU
		{C3A34AB6-C47B-4CD0-82A1-357E5D5D47EE}.Debug|Any CPU.Build.0 = Debug|Any CPU
		{C3A34AB6-C47B-4CD0-82A1-357E5D5D47EE}.Release|Any CPU.ActiveCfg = Release|Any CPU
		{C3A34AB6-C47B-4CD0-82A1-357E5D5D47EE}.Release|Any CPU.Build.0 = Release|Any CPU
		{CE595E16-A4B1-4203-8038-BF13A0BA9E7C}.Debug|Any CPU.ActiveCfg = Debug|Any CPU
		{CE595E16-A4B1-4203-8038-BF13A0BA9E7C}.Debug|Any CPU.Build.0 = Debug|Any CPU
		{CE595E16-A4B1-4203-8038-BF13A0BA9E7C}.Release|Any CPU.ActiveCfg = Release|Any CPU
		{CE595E16-A4B1-4203-8038-BF13A0BA9E7C}.Release|Any CPU.Build.0 = Release|Any CPU
	EndGlobalSection
	GlobalSection(SolutionProperties) = preSolution
		HideSolutionNode = FALSE
	EndGlobalSection
	GlobalSection(ExtensibilityGlobals) = postSolution
		SolutionGuid = {39E1C1CE-44EA-486E-BD37-3E7EF4FC9958}
	EndGlobalSection
EndGlobal
