
Microsoft Visual Studio Solution File, Format Version 12.00
# Visual Studio Version 17
VisualStudioVersion = 17.4.33122.133
MinimumVisualStudioVersion = 10.0.40219.1
Project("{9A19103F-16F7-4668-BE54-9A1E7A4F7556}") = "WebService", "WebService\WebService.csproj", "{AB2071F2-48D0-4065-9FFD-D063680FBC24}"
EndProject
Project("{9A19103F-16F7-4668-BE54-9A1E7A4F7556}") = "WebService.APILayer", "WebService.APILayer\WebService.APILayer.csproj", "{CC6E1468-6D30-4B35-885A-6CDF9F30B047}"
EndProject
Project("{9A19103F-16F7-4668-BE54-9A1E7A4F7556}") = "WebService.Configuration", "WebService.Configuration\WebService.Configuration.csproj", "{9D2B4595-D37C-40C0-AA1C-7B9E6CB48B3B}"
EndProject
Project("{9A19103F-16F7-4668-BE54-9A1E7A4F7556}") = "WebService.DataAccessLayer", "WebService.DataAccessLayer\WebService.DataAccessLayer.csproj", "{5424FEC4-339A-48F3-8A3E-780418D50E71}"
EndProject
Project("{9A19103F-16F7-4668-BE54-9A1E7A4F7556}") = "WebService.Helpers", "WebService.Helpers\WebService.Helpers.csproj", "{FF6E094B-A1A4-42AD-BF73-7FCFB81A5345}"
EndProject
Project("{9A19103F-16F7-4668-BE54-9A1E7A4F7556}") = "WebService.MiddlewareLayer", "WebService.MiddlewareLayer\WebService.MiddlewareLayer.csproj", "{2FA63841-726F-43F6-A8EE-71D07735A9C7}"
EndProject
Project("{9A19103F-16F7-4668-BE54-9A1E7A4F7556}") = "WebService.Models", "WebService.Models\WebService.Models.csproj", "{2224A5B6-543E-41A1-BFFE-1CE860405A1F}"
EndProject
Project("{9A19103F-16F7-4668-BE54-9A1E7A4F7556}") = "WebService.OperationLayer", "WebService.OperationLayer\WebService.OperationLayer.csproj", "{BB45408F-D155-4165-9A93-B22BAA3737C8}"
EndProject
Global
	GlobalSection(SolutionConfigurationPlatforms) = preSolution
		Debug|Any CPU = Debug|Any CPU
		Release|Any CPU = Release|Any CPU
	EndGlobalSection
	GlobalSection(ProjectConfigurationPlatforms) = postSolution
		{AB2071F2-48D0-4065-9FFD-D063680FBC24}.Debug|Any CPU.ActiveCfg = Debug|Any CPU
		{AB2071F2-48D0-4065-9FFD-D063680FBC24}.Debug|Any CPU.Build.0 = Debug|Any CPU
		{AB2071F2-48D0-4065-9FFD-D063680FBC24}.Release|Any CPU.ActiveCfg = Release|Any CPU
		{AB2071F2-48D0-4065-9FFD-D063680FBC24}.Release|Any CPU.Build.0 = Release|Any CPU
		{CC6E1468-6D30-4B35-885A-6CDF9F30B047}.Debug|Any CPU.ActiveCfg = Debug|Any CPU
		{CC6E1468-6D30-4B35-885A-6CDF9F30B047}.Debug|Any CPU.Build.0 = Debug|Any CPU
		{CC6E1468-6D30-4B35-885A-6CDF9F30B047}.Release|Any CPU.ActiveCfg = Release|Any CPU
		{CC6E1468-6D30-4B35-885A-6CDF9F30B047}.Release|Any CPU.Build.0 = Release|Any CPU
		{9D2B4595-D37C-40C0-AA1C-7B9E6CB48B3B}.Debug|Any CPU.ActiveCfg = Debug|Any CPU
		{9D2B4595-D37C-40C0-AA1C-7B9E6CB48B3B}.Debug|Any CPU.Build.0 = Debug|Any CPU
		{9D2B4595-D37C-40C0-AA1C-7B9E6CB48B3B}.Release|Any CPU.ActiveCfg = Release|Any CPU
		{9D2B4595-D37C-40C0-AA1C-7B9E6CB48B3B}.Release|Any CPU.Build.0 = Release|Any CPU
		{5424FEC4-339A-48F3-8A3E-780418D50E71}.Debug|Any CPU.ActiveCfg = Debug|Any CPU
		{5424FEC4-339A-48F3-8A3E-780418D50E71}.Debug|Any CPU.Build.0 = Debug|Any CPU
		{5424FEC4-339A-48F3-8A3E-780418D50E71}.Release|Any CPU.ActiveCfg = Release|Any CPU
		{5424FEC4-339A-48F3-8A3E-780418D50E71}.Release|Any CPU.Build.0 = Release|Any CPU
		{FF6E094B-A1A4-42AD-BF73-7FCFB81A5345}.Debug|Any CPU.ActiveCfg = Debug|Any CPU
		{FF6E094B-A1A4-42AD-BF73-7FCFB81A5345}.Debug|Any CPU.Build.0 = Debug|Any CPU
		{FF6E094B-A1A4-42AD-BF73-7FCFB81A5345}.Release|Any CPU.ActiveCfg = Release|Any CPU
		{FF6E094B-A1A4-42AD-BF73-7FCFB81A5345}.Release|Any CPU.Build.0 = Release|Any CPU
		{2FA63841-726F-43F6-A8EE-71D07735A9C7}.Debug|Any CPU.ActiveCfg = Debug|Any CPU
		{2FA63841-726F-43F6-A8EE-71D07735A9C7}.Debug|Any CPU.Build.0 = Debug|Any CPU
		{2FA63841-726F-43F6-A8EE-71D07735A9C7}.Release|Any CPU.ActiveCfg = Release|Any CPU
		{2FA63841-726F-43F6-A8EE-71D07735A9C7}.Release|Any CPU.Build.0 = Release|Any CPU
		{2224A5B6-543E-41A1-BFFE-1CE860405A1F}.Debug|Any CPU.ActiveCfg = Debug|Any CPU
		{2224A5B6-543E-41A1-BFFE-1CE860405A1F}.Debug|Any CPU.Build.0 = Debug|Any CPU
		{2224A5B6-543E-41A1-BFFE-1CE860405A1F}.Release|Any CPU.ActiveCfg = Release|Any CPU
		{2224A5B6-543E-41A1-BFFE-1CE860405A1F}.Release|Any CPU.Build.0 = Release|Any CPU
		{BB45408F-D155-4165-9A93-B22BAA3737C8}.Debug|Any CPU.ActiveCfg = Debug|Any CPU
		{BB45408F-D155-4165-9A93-B22BAA3737C8}.Debug|Any CPU.Build.0 = Debug|Any CPU
		{BB45408F-D155-4165-9A93-B22BAA3737C8}.Release|Any CPU.ActiveCfg = Release|Any CPU
		{BB45408F-D155-4165-9A93-B22BAA3737C8}.Release|Any CPU.Build.0 = Release|Any CPU
	EndGlobalSection
	GlobalSection(SolutionProperties) = preSolution
		HideSolutionNode = FALSE
	EndGlobalSection
	GlobalSection(ExtensibilityGlobals) = postSolution
		SolutionGuid = {39E1C1CE-44EA-486E-BD37-3E7EF4FC9958}
	EndGlobalSection
EndGlobal
